
Microsoft Visual Studio Solution File, Format Version 12.00
# Visual Studio Version 16
VisualStudioVersion = 16.0.33927.289
MinimumVisualStudioVersion = 10.0.40219.1
Project("{8BC9CEB8-8B4A-11D0-8D11-00A0C91BC942}") = "Client", "Client\Client.vcxproj", "{3F0270A7-C4DB-44BC-B8E3-C895DA44D43D}"
EndProject
Project("{8BC9CEB8-8B4A-11D0-8D11-00A0C91BC942}") = "Server", "Server\Server.vcxproj", "{735F0890-F834-4FDE-8782-7A35FCCA309E}"
EndProject
Global
	GlobalSection(SolutionConfigurationPlatforms) = preSolution
		Debug|x64 = Debug|x64
		Debug|x86 = Debug|x86
		Release|x64 = Release|x64
		Release|x86 = Release|x86
	EndGlobalSection
	GlobalSection(ProjectConfigurationPlatforms) = postSolution
		{3F0270A7-C4DB-44BC-B8E3-C895DA44D43D}.Debug|x64.ActiveCfg = Debug|x64
		{3F0270A7-C4DB-44BC-B8E3-C895DA44D43D}.Debug|x64.Build.0 = Debug|x64
		{3F0270A7-C4DB-44BC-B8E3-C895DA44D43D}.Debug|x86.ActiveCfg = Debug|Win32
		{3F0270A7-C4DB-44BC-B8E3-C895DA44D43D}.Debug|x86.Build.0 = Debug|Win32
		{3F0270A7-C4DB-44BC-B8E3-C895DA44D43D}.Release|x64.ActiveCfg = Release|x64
		{3F0270A7-C4DB-44BC-B8E3-C895DA44D43D}.Release|x64.Build.0 = Release|x64
		{3F0270A7-C4DB-44BC-B8E3-C895DA44D43D}.Release|x86.ActiveCfg = Release|Win32
		{3F0270A7-C4DB-44BC-B8E3-C895DA44D43D}.Release|x86.Build.0 = Release|Win32
		{735F0890-F834-4FDE-8782-7A35FCCA309E}.Debug|x64.ActiveCfg = Debug|x64
		{735F0890-F834-4FDE-8782-7A35FCCA309E}.Debug|x64.Build.0 = Debug|x64
		{735F0890-F834-4FDE-8782-7A35FCCA309E}.Debug|x86.ActiveCfg = Debug|Win32
		{735F0890-F834-4FDE-8782-7A35FCCA309E}.Debug|x86.Build.0 = Debug|Win32
		{735F0890-F834-4FDE-8782-7A35FCCA309E}.Release|x64.ActiveCfg = Release|x64
		{735F0890-F834-4FDE-8782-7A35FCCA309E}.Release|x64.Build.0 = Release|x64
		{735F0890-F834-4FDE-8782-7A35FCCA309E}.Release|x86.ActiveCfg = Release|Win32
		{735F0890-F834-4FDE-8782-7A35FCCA309E}.Release|x86.Build.0 = Release|Win32
	EndGlobalSection
	GlobalSection(SolutionProperties) = preSolution
		HideSolutionNode = FALSE
	EndGlobalSection
	GlobalSection(ExtensibilityGlobals) = postSolution
		SolutionGuid = {A273AA1B-A66E-444A-B930-73CFF2AA2694}
	EndGlobalSection
EndGlobal
