<?xml version="1.0" encoding="utf-8"?>
<Project ToolsVersion="4.0" xmlns="http://schemas.microsoft.com/developer/msbuild/2003">
  <ItemGroup>
    <Filter Include="소스 파일">
      <UniqueIdentifier>{4FC737F1-C7A5-4376-A066-2A32D752A2FF}</UniqueIdentifier>
      <Extensions>cpp;c;cc;cxx;c++;cppm;ixx;def;odl;idl;hpj;bat;asm;asmx</Extensions>
    </Filter>
    <Filter Include="헤더 파일">
      <UniqueIdentifier>{93995380-89BD-4b04-88EB-625FBE52EBFB}</UniqueIdentifier>
      <Extensions>h;hh;hpp;hxx;h++;hm;inl;inc;ipp;xsd</Extensions>
    </Filter>
    <Filter Include="리소스 파일">
      <UniqueIdentifier>{67DA6AB6-F800-4c08-8B7A-83BB121AAD01}</UniqueIdentifier>
      <Extensions>rc;ico;cur;bmp;dlg;rc2;rct;bin;rgs;gif;jpg;jpeg;jpe;resx;tiff;tif;png;wav;mfcribbon-ms</Extensions>
    </Filter>
    <Filter Include="TestCode">
      <UniqueIdentifier>{d43e75cf-811b-46d9-9242-a154264951b7}</UniqueIdentifier>
    </Filter>
    <Filter Include="WorkingTable">
      <UniqueIdentifier>{a2785ab8-d6d1-4f63-a5b3-6e2c159fa21b}</UniqueIdentifier>
    </Filter>
    <Filter Include="DesignPattern">
      <UniqueIdentifier>{b3f8b41e-f4f4-484a-9df4-8db7f70591a7}</UniqueIdentifier>
    </Filter>
    <Filter Include="Lock">
      <UniqueIdentifier>{188362a5-7da4-426b-8c56-c440f243c690}</UniqueIdentifier>
    </Filter>
  </ItemGroup>
  <ItemGroup>
    <ClCompile Include="main.cpp">
      <Filter>소스 파일</Filter>
    </ClCompile>
    <ClCompile Include="GameServer.cpp">
      <Filter>소스 파일</Filter>
    </ClCompile>
    <ClCompile Include="PacketProcess.cpp">
      <Filter>소스 파일</Filter>
    </ClCompile>
    <ClCompile Include="template_vector_param.cpp">
      <Filter>TestCode</Filter>
    </ClCompile>
    <ClCompile Include="Conn.cpp">
      <Filter>WorkingTable</Filter>
    </ClCompile>
    <ClCompile Include="ConnMap.cpp">
      <Filter>WorkingTable</Filter>
    </ClCompile>
    <ClCompile Include="Template_Singleton.cpp">
      <Filter>TestCode</Filter>
    </ClCompile>
    <ClCompile Include="CSLockGuard.cpp">
      <Filter>Lock</Filter>
    </ClCompile>
    <ClCompile Include="CriticalSection.cpp">
      <Filter>Lock</Filter>
    </ClCompile>
    <ClCompile Include="SRWLock.cpp">
      <Filter>Lock</Filter>
    </ClCompile>
    <ClCompile Include="SRWLockGuard.cpp">
      <Filter>Lock</Filter>
    </ClCompile>
    <ClCompile Include="shared_ptr_optional.cpp">
      <Filter>TestCode</Filter>
    </ClCompile>
  </ItemGroup>
  <ItemGroup>
    <ClInclude Include="GameServer.h">
      <Filter>소스 파일</Filter>
    </ClInclude>
    <ClInclude Include="PacketProcess.h">
      <Filter>소스 파일</Filter>
    </ClInclude>
    <ClInclude Include="Conn.h">
      <Filter>WorkingTable</Filter>
    </ClInclude>
    <ClInclude Include="Singleton.h">
      <Filter>DesignPattern</Filter>
    </ClInclude>
    <ClInclude Include="ConnMap.h">
      <Filter>WorkingTable</Filter>
    </ClInclude>
    <ClInclude Include="..\Global\PacketDefinition.h">
      <Filter>헤더 파일</Filter>
    </ClInclude>
    <ClInclude Include="CriticalSection.h">
      <Filter>Lock</Filter>
    </ClInclude>
    <ClInclude Include="CSLockGuard.h">
      <Filter>Lock</Filter>
    </ClInclude>
    <ClInclude Include="SRWLock.h">
      <Filter>Lock</Filter>
    </ClInclude>
    <ClInclude Include="SRWLockGuard.h">
      <Filter>Lock</Filter>
    </ClInclude>
    <ClInclude Include="ServerGlobalDef.h">
      <Filter>소스 파일</Filter>
    </ClInclude>
  </ItemGroup>
</Project>